
Microsoft Visual Studio Solution File, Format Version 12.00
# Visual Studio Version 17
VisualStudioVersion = 17.0.31903.59
MinimumVisualStudioVersion = 10.0.40219.1
Project("{9A19103F-16F7-4668-BE54-9A1E7A4F7556}") = "PasswordManager.Webapi", "PasswordManager.Webapi\PasswordManager.Webapi.csproj", "{30D4C6A8-AA80-4352-BB93-40920F029170}"
EndProject
Project("{9A19103F-16F7-4668-BE54-9A1E7A4F7556}") = "PasswordManager.Application", "PasswordManager.Application\PasswordManager.Application.csproj", "{DED3DDF9-8528-455B-97FF-F7E643082C88}"
EndProject
Project("{9A19103F-16F7-4668-BE54-9A1E7A4F7556}") = "PasswordManager.Test", "PasswordManager.Test\PasswordManager.Test.csproj", "{543892B0-6ADF-43C1-96F8-AE9FED1EE8B2}"
EndProject
Project("{9A19103F-16F7-4668-BE54-9A1E7A4F7556}") = "PasswordManager.Mongo", "PasswordManager.Mongo\PasswordManager.Mongo.csproj", "{B9DBAF3A-26ED-4EB2-A65D-84F7AEAF0726}"
EndProject
Global
	GlobalSection(SolutionConfigurationPlatforms) = preSolution
		Debug|Any CPU = Debug|Any CPU
		Release|Any CPU = Release|Any CPU
	EndGlobalSection
	GlobalSection(ProjectConfigurationPlatforms) = postSolution
		{30D4C6A8-AA80-4352-BB93-40920F029170}.Debug|Any CPU.ActiveCfg = Debug|Any CPU
		{30D4C6A8-AA80-4352-BB93-40920F029170}.Debug|Any CPU.Build.0 = Debug|Any CPU
		{30D4C6A8-AA80-4352-BB93-40920F029170}.Release|Any CPU.ActiveCfg = Release|Any CPU
		{30D4C6A8-AA80-4352-BB93-40920F029170}.Release|Any CPU.Build.0 = Release|Any CPU
		{DED3DDF9-8528-455B-97FF-F7E643082C88}.Debug|Any CPU.ActiveCfg = Debug|Any CPU
		{DED3DDF9-8528-455B-97FF-F7E643082C88}.Debug|Any CPU.Build.0 = Debug|Any CPU
		{DED3DDF9-8528-455B-97FF-F7E643082C88}.Release|Any CPU.ActiveCfg = Release|Any CPU
		{DED3DDF9-8528-455B-97FF-F7E643082C88}.Release|Any CPU.Build.0 = Release|Any CPU
		{543892B0-6ADF-43C1-96F8-AE9FED1EE8B2}.Debug|Any CPU.ActiveCfg = Debug|Any CPU
		{543892B0-6ADF-43C1-96F8-AE9FED1EE8B2}.Debug|Any CPU.Build.0 = Debug|Any CPU
		{543892B0-6ADF-43C1-96F8-AE9FED1EE8B2}.Release|Any CPU.ActiveCfg = Release|Any CPU
		{543892B0-6ADF-43C1-96F8-AE9FED1EE8B2}.Release|Any CPU.Build.0 = Release|Any CPU
		{B9DBAF3A-26ED-4EB2-A65D-84F7AEAF0726}.Debug|Any CPU.ActiveCfg = Debug|Any CPU
		{B9DBAF3A-26ED-4EB2-A65D-84F7AEAF0726}.Debug|Any CPU.Build.0 = Debug|Any CPU
		{B9DBAF3A-26ED-4EB2-A65D-84F7AEAF0726}.Release|Any CPU.ActiveCfg = Release|Any CPU
		{B9DBAF3A-26ED-4EB2-A65D-84F7AEAF0726}.Release|Any CPU.Build.0 = Release|Any CPU
	EndGlobalSection
	GlobalSection(SolutionProperties) = preSolution
		HideSolutionNode = FALSE
	EndGlobalSection
	GlobalSection(ExtensibilityGlobals) = postSolution
		SolutionGuid = {0A4A747C-00B6-4B39-B1DA-7BEBE24006C5}
	EndGlobalSection
EndGlobal
